Microsoft Visual Studio Solution File, Format Version 12.00
# Visual Studio Version 17
VisualStudioVersion = 17.5.2.0
MinimumVisualStudioVersion = 10.0.40219.1
Project("{FAE04EC0-301F-11D3-BF4-00C04F79EFBC}") = "DigitalPortfolioBackend", "DigitalPortfolioBackend.csproj", "{ABE0BE75-DD83-ECC8-7974-9843C6384510}"
EndProject
Global
	GlobalSection(SolutionConfigurationPlatforms) = preSolution
		Debug|Any CPU = Debug|Any CPU
		Debug|x64 = Debug|x64
		Debug|x86 = Debug|x86
		Release|Any CPU = Release|Any CPU
		Release|x64 = Release|x64
		Release|x86 = Release|x86
	EndGlobalSection
	GlobalSection(ProjectConfigurationPlatforms) = postSolution
		{ABE0BE75-DD83-ECC8-7974-9843C6384510}.Debug|Any CPU.ActiveCfg = Debug|Any CPU
		{ABE0BE75-DD83-ECC8-7974-9843C6384510}.Debug|Any CPU.Build.0 = Debug|Any CPU
		{ABE0BE75-DD83-ECC8-7974-9843C6384510}.Debug|x64.ActiveCfg = Debug|Any CPU
		{ABE0BE75-DD83-ECC8-7974-9843C6384510}.Debug|x64.Build.0 = Debug|Any CPU
		{ABE0BE75-DD83-ECC8-7974-9843C6384510}.Debug|x86.ActiveCfg = Debug|Any CPU
		{ABE0BE75-DD83-ECC8-7974-9843C6384510}.Debug|x86.Build.0 = Debug|Any CPU
		{ABE0BE75-DD83-ECC8-7974-9843C6384510}.Release|Any CPU.ActiveCfg = Release|Any CPU
		{ABE0BE75-DD83-ECC8-7974-9843C6384510}.Release|Any CPU.Build.0 = Release|Any CPU
		{ABE0BE75-DD83-ECC8-7974-9843C6384510}.Release|x64.ActiveCfg = Release|Any CPU
		{ABE0BE75-DD83-ECC8-7974-9843C6384510}.Release|x64.Build.0 = Release|Any CPU
		{ABE0BE75-DD83-ECC8-7974-9843C6384510}.Release|x86.ActiveCfg = Release|Any CPU
		{ABE0BE75-DD83-ECC8-7974-9843C6384510}.Release|x86.Build.0 = Release|Any CPU
	EndGlobalSection
	GlobalSection(SolutionProperties) = preSolution
		HideSolutionNode = FALSE
	EndGlobalSection
	GlobalSection(ExtensibilityGlobals) = postSolution
		SolutionGuid = {3215626A-0B67-411E-B069-B43655E7BB7B}
	EndGlobalSection
EndGlobal
